// !$*UTF8*$!
{
	archiveVersion = 1;
	classes = {
	};
	objectVersion = 50;
	objects = {

/* Begin PBXBuildFile section */
		1C0B24162119DA43000C0361 /* Assets.xcassets in Resources */ = {isa = PBXBuildFile; fileRef = 1C0B24152119DA42000C0361 /* Assets.xcassets */; };
		1C0B241E2119F187000C0361 /* TableViewController.swift in Sources */ = {isa = PBXBuildFile; fileRef = 1C0B241D2119F187000C0361 /* TableViewController.swift */; };
		1C0B2422211ADE97000C0361 /* Utils.swift in Sources */ = {isa = PBXBuildFile; fileRef = 1C0B2421211ADE97000C0361 /* Utils.swift */; };
		1C0B2424211ADF8F000C0361 /* Globals.swift in Sources */ = {isa = PBXBuildFile; fileRef = 1C0B2423211ADF8F000C0361 /* Globals.swift */; };
		1C0B2428211AE0C9000C0361 /* ComicBook.swift in Sources */ = {isa = PBXBuildFile; fileRef = 1C0B2427211AE0C9000C0361 /* ComicBook.swift */; };
		1C0B242F211AEEED000C0361 /* CollectionViewController.swift in Sources */ = {isa = PBXBuildFile; fileRef = 1C0B242E211AEEED000C0361 /* CollectionViewController.swift */; };
		1C0B2431211AEF1F000C0361 /* CustomCollectionViewCell.swift in Sources */ = {isa = PBXBuildFile; fileRef = 1C0B2430211AEF1F000C0361 /* CustomCollectionViewCell.swift */; };
		1C0B2433211AEF51000C0361 /* CustomTableViewCell.swift in Sources */ = {isa = PBXBuildFile; fileRef = 1C0B2432211AEF51000C0361 /* CustomTableViewCell.swift */; };
		1C1D14D42119BD5C009E565D /* AppDelegate.swift in Sources */ = {isa = PBXBuildFile; fileRef = 1C1D14D32119BD5C009E565D /* AppDelegate.swift */; };
		1C1D14DB2119BD5C009E565D /* Main.storyboard in Resources */ = {isa = PBXBuildFile; fileRef = 1C1D14D92119BD5C009E565D /* Main.storyboard */; };
		1C1D14E02119BD5D009E565D /* LaunchScreen.storyboard in Resources */ = {isa = PBXBuildFile; fileRef = 1C1D14DE2119BD5D009E565D /* LaunchScreen.storyboard */; };
		1C1D14EB2119BD5D009E565D /* ComicBookReaderTests.swift in Sources */ = {isa = PBXBuildFile; fileRef = 1C1D14EA2119BD5D009E565D /* ComicBookReaderTests.swift */; };
		1C1D14F62119BD5D009E565D /* ComicBookReaderUITests.swift in Sources */ = {isa = PBXBuildFile; fileRef = 1C1D14F52119BD5D009E565D /* ComicBookReaderUITests.swift */; };
		1C1D15072119BDB0009E565D /* Fonts in Resources */ = {isa = PBXBuildFile; fileRef = 1C1D15052119BDB0009E565D /* Fonts */; };
		4291961D4923499D372E2361 /* Pods_ComicBookReader.framework in Frameworks */ = {isa = PBXBuildFile; fileRef = A8044A9AB97EB226EB4D06FA /* Pods_ComicBookReader.framework */; };
		F06B4A30B5F3913CD897DD9F /* Pods_ComicBookReaderUITests.framework in Frameworks */ = {isa = PBXBuildFile; fileRef = 5B651736B7258A8DFECE2AB6 /* Pods_ComicBookReaderUITests.framework */; };
		F14B2BCBCC6616952F461C63 /* Pods_ComicBookReaderTests.framework in Frameworks */ = {isa = PBXBuildFile; fileRef = 63A01EA310EBCD4DA5E1FB32 /* Pods_ComicBookReaderTests.framework */; };
/* End PBXBuildFile section */

/* Begin PBXContainerItemProxy section */
		1C1D14E72119BD5D009E565D /* PBXContainerItemProxy */ = {
			isa = PBXContainerItemProxy;
			containerPortal = 1C1D14C82119BD5C009E565D /* Project object */;
			proxyType = 1;
			remoteGlobalIDString = 1C1D14CF2119BD5C009E565D;
			remoteInfo = ComicBookReader;
		};
		1C1D14F22119BD5D009E565D /* PBXContainerItemProxy */ = {
			isa = PBXContainerItemProxy;
			containerPortal = 1C1D14C82119BD5C009E565D /* Project object */;
			proxyType = 1;
			remoteGlobalIDString = 1C1D14CF2119BD5C009E565D;
			remoteInfo = ComicBookReader;
		};
/* End PBXContainerItemProxy section */

/* Begin PBXFileReference section */
		165B13F70BD80169271F200F /* Pods-ComicBookReader.release.xcconfig */ = {isa = PBXFileReference; includeInIndex = 1; lastKnownFileType = text.xcconfig; name = "Pods-ComicBookReader.release.xcconfig"; path = "Pods/Target Support Files/Pods-ComicBookReader/Pods-ComicBookReader.release.xcconfig"; sourceTree = "<group>"; };
		1C0B24152119DA42000C0361 /* Assets.xcassets */ = {isa = PBXFileReference; lastKnownFileType = folder.assetcatalog; path = Assets.xcassets; sourceTree = "<group>"; };
		1C0B241D2119F187000C0361 /* TableViewController.swift */ = {isa = PBXFileReference; lastKnownFileType = sourcecode.swift; path = TableViewController.swift; sourceTree = "<group>"; };
		1C0B2421211ADE97000C0361 /* Utils.swift */ = {isa = PBXFileReference; lastKnownFileType = sourcecode.swift; path = Utils.swift; sourceTree = "<group>"; };
		1C0B2423211ADF8F000C0361 /* Globals.swift */ = {isa = PBXFileReference; lastKnownFileType = sourcecode.swift; path = Globals.swift; sourceTree = "<group>"; };
		1C0B2427211AE0C9000C0361 /* ComicBook.swift */ = {isa = PBXFileReference; fileEncoding = 4; lastKnownFileType = sourcecode.swift; path = ComicBook.swift; sourceTree = "<group>"; };
		1C0B242E211AEEED000C0361 /* CollectionViewController.swift */ = {isa = PBXFileReference; fileEncoding = 4; lastKnownFileType = sourcecode.swift; path = CollectionViewController.swift; sourceTree = "<group>"; };
		1C0B2430211AEF1F000C0361 /* CustomCollectionViewCell.swift */ = {isa = PBXFileReference; lastKnownFileType = sourcecode.swift; path = CustomCollectionViewCell.swift; sourceTree = "<group>"; };
		1C0B2432211AEF51000C0361 /* CustomTableViewCell.swift */ = {isa = PBXFileReference; lastKnownFileType = sourcecode.swift; path = CustomTableViewCell.swift; sourceTree = "<group>"; };
		1C1D14D02119BD5C009E565D /* ComicBookReader.app */ = {isa = PBXFileReference; explicitFileType = wrapper.application; includeInIndex = 0; path = ComicBookReader.app; sourceTree = BUILT_PRODUCTS_DIR; };
		1C1D14D32119BD5C009E565D /* AppDelegate.swift */ = {isa = PBXFileReference; lastKnownFileType = sourcecode.swift; path = AppDelegate.swift; sourceTree = "<group>"; };
		1C1D14DA2119BD5C009E565D /* Base */ = {isa = PBXFileReference; lastKnownFileType = file.storyboard; name = Base; path = Base.lproj/Main.storyboard; sourceTree = "<group>"; };
		1C1D14DF2119BD5D009E565D /* Base */ = {isa = PBXFileReference; lastKnownFileType = file.storyboard; name = Base; path = Base.lproj/LaunchScreen.storyboard; sourceTree = "<group>"; };
		1C1D14E12119BD5D009E565D /* Info.plist */ = {isa = PBXFileReference; lastKnownFileType = text.plist.xml; path = Info.plist; sourceTree = "<group>"; };
		1C1D14E62119BD5D009E565D /* ComicBookReaderTests.xctest */ = {isa = PBXFileReference; explicitFileType = wrapper.cfbundle; includeInIndex = 0; path = ComicBookReaderTests.xctest; sourceTree = BUILT_PRODUCTS_DIR; };
		1C1D14EA2119BD5D009E565D /* ComicBookReaderTests.swift */ = {isa = PBXFileReference; lastKnownFileType = sourcecode.swift; path = ComicBookReaderTests.swift; sourceTree = "<group>"; };
		1C1D14EC2119BD5D009E565D /* Info.plist */ = {isa = PBXFileReference; lastKnownFileType = text.plist.xml; path = Info.plist; sourceTree = "<group>"; };
		1C1D14F12119BD5D009E565D /* ComicBookReaderUITests.xctest */ = {isa = PBXFileReference; explicitFileType = wrapper.cfbundle; includeInIndex = 0; path = ComicBookReaderUITests.xctest; sourceTree = BUILT_PRODUCTS_DIR; };
		1C1D14F52119BD5D009E565D /* ComicBookReaderUITests.swift */ = {isa = PBXFileReference; lastKnownFileType = sourcecode.swift; path = ComicBookReaderUITests.swift; sourceTree = "<group>"; };
		1C1D14F72119BD5D009E565D /* Info.plist */ = {isa = PBXFileReference; lastKnownFileType = text.plist.xml; path = Info.plist; sourceTree = "<group>"; };
		1C1D15052119BDB0009E565D /* Fonts */ = {isa = PBXFileReference; lastKnownFileType = folder; path = Fonts; sourceTree = "<group>"; };
		5B651736B7258A8DFECE2AB6 /* Pods_ComicBookReaderUITests.framework */ = {isa = PBXFileReference; explicitFileType = wrapper.framework; includeInIndex = 0; path = Pods_ComicBookReaderUITests.framework; sourceTree = BUILT_PRODUCTS_DIR; };
		63A01EA310EBCD4DA5E1FB32 /* Pods_ComicBookReaderTests.framework */ = {isa = PBXFileReference; explicitFileType = wrapper.framework; includeInIndex = 0; path = Pods_ComicBookReaderTests.framework; sourceTree = BUILT_PRODUCTS_DIR; };
		7EBBB6FB020EB431C38ECE10 /* Pods-ComicBookReaderTests.debug.xcconfig */ = {isa = PBXFileReference; includeInIndex = 1; lastKnownFileType = text.xcconfig; name = "Pods-ComicBookReaderTests.debug.xcconfig"; path = "Pods/Target Support Files/Pods-ComicBookReaderTests/Pods-ComicBookReaderTests.debug.xcconfig"; sourceTree = "<group>"; };
		9EB5B5824FA74BA47389F8B6 /* Pods-ComicBookReaderTests.release.xcconfig */ = {isa = PBXFileReference; includeInIndex = 1; lastKnownFileType = text.xcconfig; name = "Pods-ComicBookReaderTests.release.xcconfig"; path = "Pods/Target Support Files/Pods-ComicBookReaderTests/Pods-ComicBookReaderTests.release.xcconfig"; sourceTree = "<group>"; };
		A8044A9AB97EB226EB4D06FA /* Pods_ComicBookReader.framework */ = {isa = PBXFileReference; explicitFileType = wrapper.framework; includeInIndex = 0; path = Pods_ComicBookReader.framework; sourceTree = BUILT_PRODUCTS_DIR; };
		AE272B6AC2FA7519931DE90E /* Pods-ComicBookReaderUITests.release.xcconfig */ = {isa = PBXFileReference; includeInIndex = 1; lastKnownFileType = text.xcconfig; name = "Pods-ComicBookReaderUITests.release.xcconfig"; path = "Pods/Target Support Files/Pods-ComicBookReaderUITests/Pods-ComicBookReaderUITests.release.xcconfig"; sourceTree = "<group>"; };
		F479D8AEC586B4946E946FB3 /* Pods-ComicBookReaderUITests.debug.xcconfig */ = {isa = PBXFileReference; includeInIndex = 1; lastKnownFileType = text.xcconfig; name = "Pods-ComicBookReaderUITests.debug.xcconfig"; path = "Pods/Target Support Files/Pods-ComicBookReaderUITests/Pods-ComicBookReaderUITests.debug.xcconfig"; sourceTree = "<group>"; };
		FC92B5C081F53F01F97E39CF /* Pods-ComicBookReader.debug.xcconfig */ = {isa = PBXFileReference; includeInIndex = 1; lastKnownFileType = text.xcconfig; name = "Pods-ComicBookReader.debug.xcconfig"; path = "Pods/Target Support Files/Pods-ComicBookReader/Pods-ComicBookReader.debug.xcconfig"; sourceTree = "<group>"; };
/* End PBXFileReference section */

/* Begin PBXFrameworksBuildPhase section */
		1C1D14CD2119BD5C009E565D /* Frameworks */ = {
			isa = PBXFrameworksBuildPhase;
			buildActionMask = 2147483647;
			files = (
				4291961D4923499D372E2361 /* Pods_ComicBookReader.framework in Frameworks */,
			);
			runOnlyForDeploymentPostprocessing = 0;
		};
		1C1D14E32119BD5D009E565D /* Frameworks */ = {
			isa = PBXFrameworksBuildPhase;
			buildActionMask = 2147483647;
			files = (
				F14B2BCBCC6616952F461C63 /* Pods_ComicBookReaderTests.framework in Frameworks */,
			);
			runOnlyForDeploymentPostprocessing = 0;
		};
		1C1D14EE2119BD5D009E565D /* Frameworks */ = {
			isa = PBXFrameworksBuildPhase;
			buildActionMask = 2147483647;
			files = (
				F06B4A30B5F3913CD897DD9F /* Pods_ComicBookReaderUITests.framework in Frameworks */,
			);
			runOnlyForDeploymentPostprocessing = 0;
		};
/* End PBXFrameworksBuildPhase section */

/* Begin PBXGroup section */
		1C1D14C72119BD5C009E565D = {
			isa = PBXGroup;
			children = (
				1C1D14D22119BD5C009E565D /* ComicBookReader */,
				1C1D14E92119BD5D009E565D /* ComicBookReaderTests */,
				1C1D14F42119BD5D009E565D /* ComicBookReaderUITests */,
				1C1D14D12119BD5C009E565D /* Products */,
				3884566505921825D96A9948 /* Pods */,
				3493B189F21DAFC1FD587986 /* Frameworks */,
			);
			sourceTree = "<group>";
		};
		1C1D14D12119BD5C009E565D /* Products */ = {
			isa = PBXGroup;
			children = (
				1C1D14D02119BD5C009E565D /* ComicBookReader.app */,
				1C1D14E62119BD5D009E565D /* ComicBookReaderTests.xctest */,
				1C1D14F12119BD5D009E565D /* ComicBookReaderUITests.xctest */,
			);
			name = Products;
			sourceTree = "<group>";
		};
		1C1D14D22119BD5C009E565D /* ComicBookReader */ = {
			isa = PBXGroup;
			children = (
				1C1D14D32119BD5C009E565D /* AppDelegate.swift */,
				1C1D15052119BDB0009E565D /* Fonts */,
				1C1D14D92119BD5C009E565D /* Main.storyboard */,
				1C1D14DE2119BD5D009E565D /* LaunchScreen.storyboard */,
				1C0B24152119DA42000C0361 /* Assets.xcassets */,
				1C1D14E12119BD5D009E565D /* Info.plist */,
				1C0B241D2119F187000C0361 /* TableViewController.swift */,
				1C0B242E211AEEED000C0361 /* CollectionViewController.swift */,
				1C0B2430211AEF1F000C0361 /* CustomCollectionViewCell.swift */,
				1C0B2432211AEF51000C0361 /* CustomTableViewCell.swift */,
				1C0B2427211AE0C9000C0361 /* ComicBook.swift */,
				1C0B2421211ADE97000C0361 /* Utils.swift */,
				1C0B2423211ADF8F000C0361 /* Globals.swift */,
			);
			path = ComicBookReader;
			sourceTree = "<group>";
		};
		1C1D14E92119BD5D009E565D /* ComicBookReaderTests */ = {
			isa = PBXGroup;
			children = (
				1C1D14EA2119BD5D009E565D /* ComicBookReaderTests.swift */,
				1C1D14EC2119BD5D009E565D /* Info.plist */,
			);
			path = ComicBookReaderTests;
			sourceTree = "<group>";
		};
		1C1D14F42119BD5D009E565D /* ComicBookReaderUITests */ = {
			isa = PBXGroup;
			children = (
				1C1D14F52119BD5D009E565D /* ComicBookReaderUITests.swift */,
				1C1D14F72119BD5D009E565D /* Info.plist */,
			);
			path = ComicBookReaderUITests;
			sourceTree = "<group>";
		};
		3493B189F21DAFC1FD587986 /* Frameworks */ = {
			isa = PBXGroup;
			children = (
				A8044A9AB97EB226EB4D06FA /* Pods_ComicBookReader.framework */,
				63A01EA310EBCD4DA5E1FB32 /* Pods_ComicBookReaderTests.framework */,
				5B651736B7258A8DFECE2AB6 /* Pods_ComicBookReaderUITests.framework */,
			);
			name = Frameworks;
			sourceTree = "<group>";
		};
		3884566505921825D96A9948 /* Pods */ = {
			isa = PBXGroup;
			children = (
				FC92B5C081F53F01F97E39CF /* Pods-ComicBookReader.debug.xcconfig */,
				165B13F70BD80169271F200F /* Pods-ComicBookReader.release.xcconfig */,
				7EBBB6FB020EB431C38ECE10 /* Pods-ComicBookReaderTests.debug.xcconfig */,
				9EB5B5824FA74BA47389F8B6 /* Pods-ComicBookReaderTests.release.xcconfig */,
				F479D8AEC586B4946E946FB3 /* Pods-ComicBookReaderUITests.debug.xcconfig */,
				AE272B6AC2FA7519931DE90E /* Pods-ComicBookReaderUITests.release.xcconfig */,
			);
			name = Pods;
			sourceTree = "<group>";
		};
/* End PBXGroup section */

/* Begin PBXNativeTarget section */
		1C1D14CF2119BD5C009E565D /* ComicBookReader */ = {
			isa = PBXNativeTarget;
			buildConfigurationList = 1C1D14FA2119BD5D009E565D /* Build configuration list for PBXNativeTarget "ComicBookReader" */;
			buildPhases = (
				BD6F3FF7B1A6E596C412915C /* [CP] Check Pods Manifest.lock */,
				1C1D14CC2119BD5C009E565D /* Sources */,
				1C1D14CD2119BD5C009E565D /* Frameworks */,
				1C1D14CE2119BD5C009E565D /* Resources */,
				F767DEE8ED3B299E6C4DACE2 /* [CP] Embed Pods Frameworks */,
			);
			buildRules = (
			);
			dependencies = (
			);
			name = ComicBookReader;
			productName = ComicBookReader;
			productReference = 1C1D14D02119BD5C009E565D /* ComicBookReader.app */;
			productType = "com.apple.product-type.application";
		};
		1C1D14E52119BD5D009E565D /* ComicBookReaderTests */ = {
			isa = PBXNativeTarget;
			buildConfigurationList = 1C1D14FD2119BD5D009E565D /* Build configuration list for PBXNativeTarget "ComicBookReaderTests" */;
			buildPhases = (
				798C745B073F55B15878C87B /* [CP] Check Pods Manifest.lock */,
				1C1D14E22119BD5D009E565D /* Sources */,
				1C1D14E32119BD5D009E565D /* Frameworks */,
				1C1D14E42119BD5D009E565D /* Resources */,
			);
			buildRules = (
			);
			dependencies = (
				1C1D14E82119BD5D009E565D /* PBXTargetDependency */,
			);
			name = ComicBookReaderTests;
			productName = ComicBookReaderTests;
			productReference = 1C1D14E62119BD5D009E565D /* ComicBookReaderTests.xctest */;
			productType = "com.apple.product-type.bundle.unit-test";
		};
		1C1D14F02119BD5D009E565D /* ComicBookReaderUITests */ = {
			isa = PBXNativeTarget;
			buildConfigurationList = 1C1D15002119BD5D009E565D /* Build configuration list for PBXNativeTarget "ComicBookReaderUITests" */;
			buildPhases = (
				21E6B924A5960F00C5E3F5A5 /* [CP] Check Pods Manifest.lock */,
				1C1D14ED2119BD5D009E565D /* Sources */,
				1C1D14EE2119BD5D009E565D /* Frameworks */,
				1C1D14EF2119BD5D009E565D /* Resources */,
			);
			buildRules = (
			);
			dependencies = (
				1C1D14F32119BD5D009E565D /* PBXTargetDependency */,
			);
			name = ComicBookReaderUITests;
			productName = ComicBookReaderUITests;
			productReference = 1C1D14F12119BD5D009E565D /* ComicBookReaderUITests.xctest */;
			productType = "com.apple.product-type.bundle.ui-testing";
		};
/* End PBXNativeTarget section */

/* Begin PBXProject section */
		1C1D14C82119BD5C009E565D /* Project object */ = {
			isa = PBXProject;
			attributes = {
				LastSwiftUpdateCheck = 0940;
				LastUpgradeCheck = 0940;
				ORGANIZATIONNAME = "Prakhar Srivastava";
				TargetAttributes = {
					1C1D14CF2119BD5C009E565D = {
						CreatedOnToolsVersion = 9.4.1;
					};
					1C1D14E52119BD5D009E565D = {
						CreatedOnToolsVersion = 9.4.1;
						TestTargetID = 1C1D14CF2119BD5C009E565D;
					};
					1C1D14F02119BD5D009E565D = {
						CreatedOnToolsVersion = 9.4.1;
						TestTargetID = 1C1D14CF2119BD5C009E565D;
					};
				};
			};
			buildConfigurationList = 1C1D14CB2119BD5C009E565D /* Build configuration list for PBXProject "ComicBookReader" */;
			compatibilityVersion = "Xcode 9.3";
			developmentRegion = en;
			hasScannedForEncodings = 0;
			knownRegions = (
				en,
				Base,
			);
			mainGroup = 1C1D14C72119BD5C009E565D;
			productRefGroup = 1C1D14D12119BD5C009E565D /* Products */;
			projectDirPath = "";
			projectRoot = "";
			targets = (
				1C1D14CF2119BD5C009E565D /* ComicBookReader */,
				1C1D14E52119BD5D009E565D /* ComicBookReaderTests */,
				1C1D14F02119BD5D009E565D /* ComicBookReaderUITests */,
			);
		};
/* End PBXProject section */

/* Begin PBXResourcesBuildPhase section */
		1C1D14CE2119BD5C009E565D /* Resources */ = {
			isa = PBXResourcesBuildPhase;
			buildActionMask = 2147483647;
			files = (
				1C1D15072119BDB0009E565D /* Fonts in Resources */,
				1C1D14E02119BD5D009E565D /* LaunchScreen.storyboard in Resources */,
				1C0B24162119DA43000C0361 /* Assets.xcassets in Resources */,
				1C1D14DB2119BD5C009E565D /* Main.storyboard in Resources */,
			);
			runOnlyForDeploymentPostprocessing = 0;
		};
		1C1D14E42119BD5D009E565D /* Resources */ = {
			isa = PBXResourcesBuildPhase;
			buildActionMask = 2147483647;
			files = (
			);
			runOnlyForDeploymentPostprocessing = 0;
		};
		1C1D14EF2119BD5D009E565D /* Resources */ = {
			isa = PBXResourcesBuildPhase;
			buildActionMask = 2147483647;
			files = (
			);
			runOnlyForDeploymentPostprocessing = 0;
		};
/* End PBXResourcesBuildPhase section */

/* Begin PBXShellScriptBuildPhase section */
		21E6B924A5960F00C5E3F5A5 /* [CP] Check Pods Manifest.lock */ = {
			isa = PBXShellScriptBuildPhase;
			buildActionMask = 2147483647;
			files = (
			);
			inputPaths = (
				"${PODS_PODFILE_DIR_PATH}/Podfile.lock",
				"${PODS_ROOT}/Manifest.lock",
			);
			name = "[CP] Check Pods Manifest.lock";
			outputPaths = (
				"$(DERIVED_FILE_DIR)/Pods-ComicBookReaderUITests-checkManifestLockResult.txt",
			);
			runOnlyForDeploymentPostprocessing = 0;
			shellPath = /bin/sh;
			shellScript = "diff \"${PODS_PODFILE_DIR_PATH}/Podfile.lock\" \"${PODS_ROOT}/Manifest.lock\" > /dev/null\nif [ $? != 0 ] ; then\n    # print error to STDERR\n    echo \"error: The sandbox is not in sync with the Podfile.lock. Run 'pod install' or update your CocoaPods installation.\" >&2\n    exit 1\nfi\n# This output is used by Xcode 'outputs' to avoid re-running this script phase.\necho \"SUCCESS\" > \"${SCRIPT_OUTPUT_FILE_0}\"\n";
			showEnvVarsInLog = 0;
		};
		798C745B073F55B15878C87B /* [CP] Check Pods Manifest.lock */ = {
			isa = PBXShellScriptBuildPhase;
			buildActionMask = 2147483647;
			files = (
			);
			inputPaths = (
				"${PODS_PODFILE_DIR_PATH}/Podfile.lock",
				"${PODS_ROOT}/Manifest.lock",
			);
			name = "[CP] Check Pods Manifest.lock";
			outputPaths = (
				"$(DERIVED_FILE_DIR)/Pods-ComicBookReaderTests-checkManifestLockResult.txt",
			);
			runOnlyForDeploymentPostprocessing = 0;
			shellPath = /bin/sh;
			shellScript = "diff \"${PODS_PODFILE_DIR_PATH}/Podfile.lock\" \"${PODS_ROOT}/Manifest.lock\" > /dev/null\nif [ $? != 0 ] ; then\n    # print error to STDERR\n    echo \"error: The sandbox is not in sync with the Podfile.lock. Run 'pod install' or update your CocoaPods installation.\" >&2\n    exit 1\nfi\n# This output is used by Xcode 'outputs' to avoid re-running this script phase.\necho \"SUCCESS\" > \"${SCRIPT_OUTPUT_FILE_0}\"\n";
			showEnvVarsInLog = 0;
		};
		BD6F3FF7B1A6E596C412915C /* [CP] Check Pods Manifest.lock */ = {
			isa = PBXShellScriptBuildPhase;
			buildActionMask = 2147483647;
			files = (
			);
			inputPaths = (
				"${PODS_PODFILE_DIR_PATH}/Podfile.lock",
				"${PODS_ROOT}/Manifest.lock",
			);
			name = "[CP] Check Pods Manifest.lock";
			outputPaths = (
				"$(DERIVED_FILE_DIR)/Pods-ComicBookReader-checkManifestLockResult.txt",
			);
			runOnlyForDeploymentPostprocessing = 0;
			shellPath = /bin/sh;
			shellScript = "diff \"${PODS_PODFILE_DIR_PATH}/Podfile.lock\" \"${PODS_ROOT}/Manifest.lock\" > /dev/null\nif [ $? != 0 ] ; then\n    # print error to STDERR\n    echo \"error: The sandbox is not in sync with the Podfile.lock. Run 'pod install' or update your CocoaPods installation.\" >&2\n    exit 1\nfi\n# This output is used by Xcode 'outputs' to avoid re-running this script phase.\necho \"SUCCESS\" > \"${SCRIPT_OUTPUT_FILE_0}\"\n";
			showEnvVarsInLog = 0;
		};
		F767DEE8ED3B299E6C4DACE2 /* [CP] Embed Pods Frameworks */ = {
			isa = PBXShellScriptBuildPhase;
			buildActionMask = 2147483647;
			files = (
			);
			inputPaths = (
				"${SRCROOT}/Pods/Target Support Files/Pods-ComicBookReader/Pods-ComicBookReader-frameworks.sh",
				"${BUILT_PRODUCTS_DIR}/Alamofire/Alamofire.framework",
				"${BUILT_PRODUCTS_DIR}/AlamofireImage/AlamofireImage.framework",
			);
			name = "[CP] Embed Pods Frameworks";
			outputPaths = (
				"${TARGET_BUILD_DIR}/${FRAMEWORKS_FOLDER_PATH}/Alamofire.framework",
				"${TARGET_BUILD_DIR}/${FRAMEWORKS_FOLDER_PATH}/AlamofireImage.framework",
			);
			runOnlyForDeploymentPostprocessing = 0;
			shellPath = /bin/sh;
			shellScript = "\"${SRCROOT}/Pods/Target Support Files/Pods-ComicBookReader/Pods-ComicBookReader-frameworks.sh\"\n";
			showEnvVarsInLog = 0;
		};
/* End PBXShellScriptBuildPhase section */

/* Begin PBXSourcesBuildPhase section */
		1C1D14CC2119BD5C009E565D /* Sources */ = {
			isa = PBXSourcesBuildPhase;
			buildActionMask = 2147483647;
			files = (
				1C0B2428211AE0C9000C0361 /* ComicBook.swift in Sources */,
				1C0B2431211AEF1F000C0361 /* CustomCollectionViewCell.swift in Sources */,
				1C0B2433211AEF51000C0361 /* CustomTableViewCell.swift in Sources */,
				1C1D14D42119BD5C009E565D /* AppDelegate.swift in Sources */,
				1C0B241E2119F187000C0361 /* TableViewController.swift in Sources */,
				1C0B242F211AEEED000C0361 /* CollectionViewController.swift in Sources */,
				1C0B2424211ADF8F000C0361 /* Globals.swift in Sources */,
				1C0B2422211ADE97000C0361 /* Utils.swift in Sources */,
			);
			runOnlyForDeploymentPostprocessing = 0;
		};
		1C1D14E22119BD5D009E565D /* Sources */ = {
			isa = PBXSourcesBuildPhase;
			buildActionMask = 2147483647;
			files = (
				1C1D14EB2119BD5D009E565D /* ComicBookReaderTests.swift in Sources */,
			);
			runOnlyForDeploymentPostprocessing = 0;
		};
		1C1D14ED2119BD5D009E565D /* Sources */ = {
			isa = PBXSourcesBuildPhase;
			buildActionMask = 2147483647;
			files = (
				1C1D14F62119BD5D009E565D /* ComicBookReaderUITests.swift in Sources */,
			);
			runOnlyForDeploymentPostprocessing = 0;
		};
/* End PBXSourcesBuildPhase section */

/* Begin PBXTargetDependency section */
		1C1D14E82119BD5D009E565D /* PBXTargetDependency */ = {
			isa = PBXTargetDependency;
			target = 1C1D14CF2119BD5C009E565D /* ComicBookReader */;
			targetProxy = 1C1D14E72119BD5D009E565D /* PBXContainerItemProxy */;
		};
		1C1D14F32119BD5D009E565D /* PBXTargetDependency */ = {
			isa = PBXTargetDependency;
			target = 1C1D14CF2119BD5C009E565D /* ComicBookReader */;
			targetProxy = 1C1D14F22119BD5D009E565D /* PBXContainerItemProxy */;
		};
/* End PBXTargetDependency section */

/* Begin PBXVariantGroup section */
		1C1D14D92119BD5C009E565D /* Main.storyboard */ = {
			isa = PBXVariantGroup;
			children = (
				1C1D14DA2119BD5C009E565D /* Base */,
			);
			name = Main.storyboard;
			sourceTree = "<group>";
		};
		1C1D14DE2119BD5D009E565D /* LaunchScreen.storyboard */ = {
			isa = PBXVariantGroup;
			children = (
				1C1D14DF2119BD5D009E565D /* Base */,
			);
			name = LaunchScreen.storyboard;
			sourceTree = "<group>";
		};
/* End PBXVariantGroup section */

/* Begin XCBuildConfiguration section */
		1C1D14F82119BD5D009E565D /* Debug */ = {
			isa = XCBuildConfiguration;
			buildSettings = {
				ALWAYS_SEARCH_USER_PATHS = NO;
				CLANG_ANALYZER_NONNULL = YES;
				CLANG_ANALYZER_NUMBER_OBJECT_CONVERSION = YES_AGGRESSIVE;
				CLANG_CXX_LANGUAGE_STANDARD = "gnu++14";
				CLANG_CXX_LIBRARY = "libc++";
				CLANG_ENABLE_MODULES = YES;
				CLANG_ENABLE_OBJC_ARC = YES;
				CLANG_ENABLE_OBJC_WEAK = YES;
				CLANG_WARN_BLOCK_CAPTURE_AUTORELEASING = YES;
				CLANG_WARN_BOOL_CONVERSION = YES;
				CLANG_WARN_COMMA = YES;
				CLANG_WARN_CONSTANT_CONVERSION = YES;
				CLANG_WARN_DEPRECATED_OBJC_IMPLEMENTATIONS = YES;
				CLANG_WARN_DIRECT_OBJC_ISA_USAGE = YES_ERROR;
				CLANG_WARN_DOCUMENTATION_COMMENTS = YES;
				CLANG_WARN_EMPTY_BODY = YES;
				CLANG_WARN_ENUM_CONVERSION = YES;
				CLANG_WARN_INFINITE_RECURSION = YES;
				CLANG_WARN_INT_CONVERSION = YES;
				CLANG_WARN_NON_LITERAL_NULL_CONVERSION = YES;
				CLANG_WARN_OBJC_IMPLICIT_RETAIN_SELF = YES;
				CLANG_WARN_OBJC_LITERAL_CONVERSION = YES;
				CLANG_WARN_OBJC_ROOT_CLASS = YES_ERROR;
				CLANG_WARN_RANGE_LOOP_ANALYSIS = YES;
				CLANG_WARN_STRICT_PROTOTYPES = YES;
				CLANG_WARN_SUSPICIOUS_MOVE = YES;
				CLANG_WARN_UNGUARDED_AVAILABILITY = YES_AGGRESSIVE;
				CLANG_WARN_UNREACHABLE_CODE = YES;
				CLANG_WARN__DUPLICATE_METHOD_MATCH = YES;
				CODE_SIGN_IDENTITY = "iPhone Developer";
				COPY_PHASE_STRIP = NO;
				DEBUG_INFORMATION_FORMAT = dwarf;
				ENABLE_STRICT_OBJC_MSGSEND = YES;
				ENABLE_TESTABILITY = YES;
				GCC_C_LANGUAGE_STANDARD = gnu11;
				GCC_DYNAMIC_NO_PIC = NO;
				GCC_NO_COMMON_BLOCKS = YES;
				GCC_OPTIMIZATION_LEVEL = 0;
				GCC_PREPROCESSOR_DEFINITIONS = (
					"DEBUG=1",
					"$(inherited)",
				);
				GCC_WARN_64_TO_32_BIT_CONVERSION = YES;
				GCC_WARN_ABOUT_RETURN_TYPE = YES_ERROR;
				GCC_WARN_UNDECLARED_SELECTOR = YES;
				GCC_WARN_UNINITIALIZED_AUTOS = YES_AGGRESSIVE;
				GCC_WARN_UNUSED_FUNCTION = YES;
				GCC_WARN_UNUSED_VARIABLE = YES;
				IPHONEOS_DEPLOYMENT_TARGET = 11.4;
				MTL_ENABLE_DEBUG_INFO = YES;
				ONLY_ACTIVE_ARCH = YES;
				SDKROOT = iphoneos;
				SWIFT_ACTIVE_COMPILATION_CONDITIONS = DEBUG;
				SWIFT_OPTIMIZATION_LEVEL = "-Onone";
			};
			name = Debug;
		};
		1C1D14F92119BD5D009E565D /* Release */ = {
			isa = XCBuildConfiguration;
			buildSettings = {
				ALWAYS_SEARCH_USER_PATHS = NO;
				CLANG_ANALYZER_NONNULL = YES;
				CLANG_ANALYZER_NUMBER_OBJECT_CONVERSION = YES_AGGRESSIVE;
				CLANG_CXX_LANGUAGE_STANDARD = "gnu++14";
				CLANG_CXX_LIBRARY = "libc++";
				CLANG_ENABLE_MODULES = YES;
				CLANG_ENABLE_OBJC_ARC = YES;
				CLANG_ENABLE_OBJC_WEAK = YES;
				CLANG_WARN_BLOCK_CAPTURE_AUTORELEASING = YES;
				CLANG_WARN_BOOL_CONVERSION = YES;
				CLANG_WARN_COMMA = YES;
				CLANG_WARN_CONSTANT_CONVERSION = YES;
				CLANG_WARN_DEPRECATED_OBJC_IMPLEMENTATIONS = YES;
				CLANG_WARN_DIRECT_OBJC_ISA_USAGE = YES_ERROR;
				CLANG_WARN_DOCUMENTATION_COMMENTS = YES;
				CLANG_WARN_EMPTY_BODY = YES;
				CLANG_WARN_ENUM_CONVERSION = YES;
				CLANG_WARN_INFINITE_RECURSION = YES;
				CLANG_WARN_INT_CONVERSION = YES;
				CLANG_WARN_NON_LITERAL_NULL_CONVERSION = YES;
				CLANG_WARN_OBJC_IMPLICIT_RETAIN_SELF = YES;
				CLANG_WARN_OBJC_LITERAL_CONVERSION = YES;
				CLANG_WARN_OBJC_ROOT_CLASS = YES_ERROR;
				CLANG_WARN_RANGE_LOOP_ANALYSIS = YES;
				CLANG_WARN_STRICT_PROTOTYPES = YES;
				CLANG_WARN_SUSPICIOUS_MOVE = YES;
				CLANG_WARN_UNGUARDED_AVAILABILITY = YES_AGGRESSIVE;
				CLANG_WARN_UNREACHABLE_CODE = YES;
				CLANG_WARN__DUPLICATE_METHOD_MATCH = YES;
				CODE_SIGN_IDENTITY = "iPhone Developer";
				COPY_PHASE_STRIP = NO;
				DEBUG_INFORMATION_FORMAT = "dwarf-with-dsym";
				ENABLE_NS_ASSERTIONS = NO;
				ENABLE_STRICT_OBJC_MSGSEND = YES;
				GCC_C_LANGUAGE_STANDARD = gnu11;
				GCC_NO_COMMON_BLOCKS = YES;
				GCC_WARN_64_TO_32_BIT_CONVERSION = YES;
				GCC_WARN_ABOUT_RETURN_TYPE = YES_ERROR;
				GCC_WARN_UNDECLARED_SELECTOR = YES;
				GCC_WARN_UNINITIALIZED_AUTOS = YES_AGGRESSIVE;
				GCC_WARN_UNUSED_FUNCTION = YES;
				GCC_WARN_UNUSED_VARIABLE = YES;
				IPHONEOS_DEPLOYMENT_TARGET = 11.4;
				MTL_ENABLE_DEBUG_INFO = NO;
				SDKROOT = iphoneos;
				SWIFT_COMPILATION_MODE = wholemodule;
				SWIFT_OPTIMIZATION_LEVEL = "-O";
				VALIDATE_PRODUCT = YES;
			};
			name = Release;
		};
		1C1D14FB2119BD5D009E565D /* Debug */ = {
			isa = XCBuildConfiguration;
			baseConfigurationReference = FC92B5C081F53F01F97E39CF /* Pods-ComicBookReader.debug.xcconfig */;
			buildSettings = {
				ASSETCATALOG_COMPILER_APPICON_NAME = AppIcon;
				CODE_SIGN_STYLE = Automatic;
				INFOPLIST_FILE = ComicBookReader/Info.plist;
				LD_RUNPATH_SEARCH_PATHS = (
					"$(inherited)",
					"@executable_path/Frameworks",
				);
				PRODUCT_BUNDLE_IDENTIFIER = com.ComicBookReader;
				PRODUCT_NAME = "$(TARGET_NAME)";
				SWIFT_VERSION = 4.0;
				TARGETED_DEVICE_FAMILY = "1,2";
			};
			name = Debug;
		};
		1C1D14FC2119BD5D009E565D /* Release */ = {
			isa = XCBuildConfiguration;
			baseConfigurationReference = 165B13F70BD80169271F200F /* Pods-ComicBookReader.release.xcconfig */;
			buildSettings = {
				ASSETCATALOG_COMPILER_APPICON_NAME = AppIcon;
				CODE_SIGN_STYLE = Automatic;
				INFOPLIST_FILE = ComicBookReader/Info.plist;
				LD_RUNPATH_SEARCH_PATHS = (
					"$(inherited)",
					"@executable_path/Frameworks",
				);
				PRODUCT_BUNDLE_IDENTIFIER = com.ComicBookReader;
				PRODUCT_NAME = "$(TARGET_NAME)";
				SWIFT_VERSION = 4.0;
				TARGETED_DEVICE_FAMILY = "1,2";
			};
			name = Release;
		};
		1C1D14FE2119BD5D009E565D /* Debug */ = {
			isa = XCBuildConfiguration;
			baseConfigurationReference = 7EBBB6FB020EB431C38ECE10 /* Pods-ComicBookReaderTests.debug.xcconfig */;
			buildSettings = {
				ALWAYS_EMBED_SWIFT_STANDARD_LIBRARIES = YES;
				BUNDLE_LOADER = "$(TEST_HOST)";
				CODE_SIGN_STYLE = Automatic;
				INFOPLIST_FILE = ComicBookReaderTests/Info.plist;
				LD_RUNPATH_SEARCH_PATHS = (
					"$(inherited)",
					"@executable_path/Frameworks",
					"@loader_path/Frameworks",
				);
				PRODUCT_BUNDLE_IDENTIFIER = com.ComicBookReaderTests;
				PRODUCT_NAME = "$(TARGET_NAME)";
				SWIFT_VERSION = 4.0;
				TARGETED_DEVICE_FAMILY = "1,2";
				TEST_HOST = "$(BUILT_PRODUCTS_DIR)/ComicBookReader.app/ComicBookReader";
			};
			name = Debug;
		};
		1C1D14FF2119BD5D009E565D /* Release */ = {
			isa = XCBuildConfiguration;
			baseConfigurationReference = 9EB5B5824FA74BA47389F8B6 /* Pods-ComicBookReaderTests.release.xcconfig */;
			buildSettings = {
				ALWAYS_EMBED_SWIFT_STANDARD_LIBRARIES = YES;
				BUNDLE_LOADER = "$(TEST_HOST)";
				CODE_SIGN_STYLE = Automatic;
				INFOPLIST_FILE = ComicBookReaderTests/Info.plist;
				LD_RUNPATH_SEARCH_PATHS = (
					"$(inherited)",
					"@executable_path/Frameworks",
					"@loader_path/Frameworks",
				);
				PRODUCT_BUNDLE_IDENTIFIER = com.ComicBookReaderTests;
				PRODUCT_NAME = "$(TARGET_NAME)";
				SWIFT_VERSION = 4.0;
				TARGETED_DEVICE_FAMILY = "1,2";
				TEST_HOST = "$(BUILT_PRODUCTS_DIR)/ComicBookReader.app/ComicBookReader";
			};
			name = Release;
		};
		1C1D15012119BD5D009E565D /* Debug */ = {
			isa = XCBuildConfiguration;
			baseConfigurationReference = F479D8AEC586B4946E946FB3 /* Pods-ComicBookReaderUITests.debug.xcconfig */;
			buildSettings = {
				ALWAYS_EMBED_SWIFT_STANDARD_LIBRARIES = YES;
				CODE_SIGN_STYLE = Automatic;
				INFOPLIST_FILE = ComicBookReaderUITests/Info.plist;
				LD_RUNPATH_SEARCH_PATHS = (
					"$(inherited)",
					"@executable_path/Frameworks",
					"@loader_path/Frameworks",
				);
				PRODUCT_BUNDLE_IDENTIFIER = com.ComicBookReaderUITests;
				PRODUCT_NAME = "$(TARGET_NAME)";
				SWIFT_VERSION = 4.0;
				TARGETED_DEVICE_FAMILY = "1,2";
				TEST_TARGET_NAME = ComicBookReader;
			};
			name = Debug;
		};
		1C1D15022119BD5D009E565D /* Release */ = {
			isa = XCBuildConfiguration;
			baseConfigurationReference = AE272B6AC2FA7519931DE90E /* Pods-ComicBookReaderUITests.release.xcconfig */;
			buildSettings = {
				ALWAYS_EMBED_SWIFT_STANDARD_LIBRARIES = YES;
				CODE_SIGN_STYLE = Automatic;
				INFOPLIST_FILE = ComicBookReaderUITests/Info.plist;
				LD_RUNPATH_SEARCH_PATHS = (
					"$(inherited)",
					"@executable_path/Frameworks",
					"@loader_path/Frameworks",
				);
				PRODUCT_BUNDLE_IDENTIFIER = com.ComicBookReaderUITests;
				PRODUCT_NAME = "$(TARGET_NAME)";
				SWIFT_VERSION = 4.0;
				TARGETED_DEVICE_FAMILY = "1,2";
				TEST_TARGET_NAME = ComicBookReader;
			};
			name = Release;
		};
/* End XCBuildConfiguration section */

/* Begin XCConfigurationList section */
		1C1D14CB2119BD5C009E565D /* Build configuration list for PBXProject "ComicBookReader" */ = {
			isa = XCConfigurationList;
			buildConfigurations = (
				1C1D14F82119BD5D009E565D /* Debug */,
				1C1D14F92119BD5D009E565D /* Release */,
			);
			defaultConfigurationIsVisible = 0;
			defaultConfigurationName = Release;
		};
		1C1D14FA2119BD5D009E565D /* Build configuration list for PBXNativeTarget "ComicBookReader" */ = {
			isa = XCConfigurationList;
			buildConfigurations = (
				1C1D14FB2119BD5D009E565D /* Debug */,
				1C1D14FC2119BD5D009E565D /* Release */,
			);
			defaultConfigurationIsVisible = 0;
			defaultConfigurationName = Release;
		};
		1C1D14FD2119BD5D009E565D /* Build configuration list for PBXNativeTarget "ComicBookReaderTests" */ = {
			isa = XCConfigurationList;
			buildConfigurations = (
				1C1D14FE2119BD5D009E565D /* Debug */,
				1C1D14FF2119BD5D009E565D /* Release */,
			);
			defaultConfigurationIsVisible = 0;
			defaultConfigurationName = Release;
		};
		1C1D15002119BD5D009E565D /* Build configuration list for PBXNativeTarget "ComicBookReaderUITests" */ = {
			isa = XCConfigurationList;
			buildConfigurations = (
				1C1D15012119BD5D009E565D /* Debug */,
				1C1D15022119BD5D009E565D /* Release */,
			);
			defaultConfigurationIsVisible = 0;
			defaultConfigurationName = Release;
		};
/* End XCConfigurationList section */
	};
	rootObject = 1C1D14C82119BD5C009E565D /* Project object */;
}
